// !$*UTF8*$!
{
	archiveVersion = 1;
	classes = {
	};
	objectVersion = 50;
	objects = {

/* Begin PBXBuildFile section */
		BB60D93D21EEBF5B001BC046 /* MemogFramework.h in Headers */ = {isa = PBXBuildFile; fileRef = BB60D92F21EEBF5B001BC046 /* MemogFramework.h */; settings = {ATTRIBUTES = (Public, ); }; };
		BB60D94921EEC62A001BC046 /* MemogLogger.swift in Sources */ = {isa = PBXBuildFile; fileRef = BB60D94821EEC62A001BC046 /* MemogLogger.swift */; };
		BB60D95121EEF2D8001BC046 /* AppDelegate.swift in Sources */ = {isa = PBXBuildFile; fileRef = BB60D95021EEF2D8001BC046 /* AppDelegate.swift */; };
		BB60D95321EEF2D8001BC046 /* ViewController.swift in Sources */ = {isa = PBXBuildFile; fileRef = BB60D95221EEF2D8001BC046 /* ViewController.swift */; };
		BB60D95621EEF2D8001BC046 /* Main.storyboard in Resources */ = {isa = PBXBuildFile; fileRef = BB60D95421EEF2D8001BC046 /* Main.storyboard */; };
		BB60D95821EEF2DA001BC046 /* Assets.xcassets in Resources */ = {isa = PBXBuildFile; fileRef = BB60D95721EEF2DA001BC046 /* Assets.xcassets */; };
		BB60D95B21EEF2DA001BC046 /* LaunchScreen.storyboard in Resources */ = {isa = PBXBuildFile; fileRef = BB60D95921EEF2DA001BC046 /* LaunchScreen.storyboard */; };
		BB60D96621EEF2DB001BC046 /* DemoTests.swift in Sources */ = {isa = PBXBuildFile; fileRef = BB60D96521EEF2DB001BC046 /* DemoTests.swift */; };
		BB60D97121EEF2DB001BC046 /* DemoUITests.swift in Sources */ = {isa = PBXBuildFile; fileRef = BB60D97021EEF2DB001BC046 /* DemoUITests.swift */; };
		BB60D97C21EEF567001BC046 /* Memog.framework in Frameworks */ = {isa = PBXBuildFile; fileRef = BB60D92C21EEBF5B001BC046 /* Memog.framework */; };
		BB60D97D21EEF567001BC046 /* Memog.framework in Embed Frameworks */ = {isa = PBXBuildFile; fileRef = BB60D92C21EEBF5B001BC046 /* Memog.framework */; settings = {ATTRIBUTES = (CodeSignOnCopy, RemoveHeadersOnCopy, ); }; };
/* End PBXBuildFile section */

/* Begin PBXContainerItemProxy section */
		BB60D96221EEF2DB001BC046 /* PBXContainerItemProxy */ = {
			isa = PBXContainerItemProxy;
			containerPortal = BB60D92321EEBF5A001BC046 /* Project object */;
			proxyType = 1;
			remoteGlobalIDString = BB60D94D21EEF2D8001BC046;
			remoteInfo = Demo;
		};
		BB60D96D21EEF2DB001BC046 /* PBXContainerItemProxy */ = {
			isa = PBXContainerItemProxy;
			containerPortal = BB60D92321EEBF5A001BC046 /* Project object */;
			proxyType = 1;
			remoteGlobalIDString = BB60D94D21EEF2D8001BC046;
			remoteInfo = Demo;
		};
		BB60D97E21EEF567001BC046 /* PBXContainerItemProxy */ = {
			isa = PBXContainerItemProxy;
			containerPortal = BB60D92321EEBF5A001BC046 /* Project object */;
			proxyType = 1;
			remoteGlobalIDString = BB60D92B21EEBF5B001BC046;
			remoteInfo = Memog;
		};
/* End PBXContainerItemProxy section */

/* Begin PBXCopyFilesBuildPhase section */
		BB60D98021EEF567001BC046 /* Embed Frameworks */ = {
			isa = PBXCopyFilesBuildPhase;
			buildActionMask = 2147483647;
			dstPath = "";
			dstSubfolderSpec = 10;
			files = (
				BB60D97D21EEF567001BC046 /* Memog.framework in Embed Frameworks */,
			);
			name = "Embed Frameworks";
			runOnlyForDeploymentPostprocessing = 0;
		};
/* End PBXCopyFilesBuildPhase section */

/* Begin PBXFileReference section */
		BB60D92C21EEBF5B001BC046 /* Memog.framework */ = {isa = PBXFileReference; explicitFileType = wrapper.framework; includeInIndex = 0; path = Memog.framework; sourceTree = BUILT_PRODUCTS_DIR; };
		BB60D92F21EEBF5B001BC046 /* MemogFramework.h */ = {isa = PBXFileReference; lastKnownFileType = sourcecode.c.h; path = MemogFramework.h; sourceTree = "<group>"; };
		BB60D93021EEBF5B001BC046 /* Info.plist */ = {isa = PBXFileReference; lastKnownFileType = text.plist.xml; path = Info.plist; sourceTree = "<group>"; };
		BB60D93A21EEBF5B001BC046 /* MemogFrameworkTests.swift */ = {isa = PBXFileReference; lastKnownFileType = sourcecode.swift; path = MemogFrameworkTests.swift; sourceTree = "<group>"; };
		BB60D93C21EEBF5B001BC046 /* Info.plist */ = {isa = PBXFileReference; lastKnownFileType = text.plist.xml; path = Info.plist; sourceTree = "<group>"; };
		BB60D94821EEC62A001BC046 /* MemogLogger.swift */ = {isa = PBXFileReference; lastKnownFileType = sourcecode.swift; path = MemogLogger.swift; sourceTree = "<group>"; };
		BB60D94E21EEF2D8001BC046 /* Demo.app */ = {isa = PBXFileReference; explicitFileType = wrapper.application; includeInIndex = 0; path = Demo.app; sourceTree = BUILT_PRODUCTS_DIR; };
		BB60D95021EEF2D8001BC046 /* AppDelegate.swift */ = {isa = PBXFileReference; lastKnownFileType = sourcecode.swift; path = AppDelegate.swift; sourceTree = "<group>"; };
		BB60D95221EEF2D8001BC046 /* ViewController.swift */ = {isa = PBXFileReference; lastKnownFileType = sourcecode.swift; path = ViewController.swift; sourceTree = "<group>"; };
		BB60D95521EEF2D8001BC046 /* Base */ = {isa = PBXFileReference; lastKnownFileType = file.storyboard; name = Base; path = Base.lproj/Main.storyboard; sourceTree = "<group>"; };
		BB60D95721EEF2DA001BC046 /* Assets.xcassets */ = {isa = PBXFileReference; lastKnownFileType = folder.assetcatalog; path = Assets.xcassets; sourceTree = "<group>"; };
		BB60D95A21EEF2DA001BC046 /* Base */ = {isa = PBXFileReference; lastKnownFileType = file.storyboard; name = Base; path = Base.lproj/LaunchScreen.storyboard; sourceTree = "<group>"; };
		BB60D95C21EEF2DA001BC046 /* Info.plist */ = {isa = PBXFileReference; lastKnownFileType = text.plist.xml; path = Info.plist; sourceTree = "<group>"; };
		BB60D96121EEF2DB001BC046 /* DemoTests.xctest */ = {isa = PBXFileReference; explicitFileType = wrapper.cfbundle; includeInIndex = 0; path = DemoTests.xctest; sourceTree = BUILT_PRODUCTS_DIR; };
		BB60D96521EEF2DB001BC046 /* DemoTests.swift */ = {isa = PBXFileReference; lastKnownFileType = sourcecode.swift; path = DemoTests.swift; sourceTree = "<group>"; };
		BB60D96721EEF2DB001BC046 /* Info.plist */ = {isa = PBXFileReference; lastKnownFileType = text.plist.xml; path = Info.plist; sourceTree = "<group>"; };
		BB60D96C21EEF2DB001BC046 /* DemoUITests.xctest */ = {isa = PBXFileReference; explicitFileType = wrapper.cfbundle; includeInIndex = 0; path = DemoUITests.xctest; sourceTree = BUILT_PRODUCTS_DIR; };
		BB60D97021EEF2DB001BC046 /* DemoUITests.swift */ = {isa = PBXFileReference; lastKnownFileType = sourcecode.swift; path = DemoUITests.swift; sourceTree = "<group>"; };
		BB60D97221EEF2DB001BC046 /* Info.plist */ = {isa = PBXFileReference; lastKnownFileType = text.plist.xml; path = Info.plist; sourceTree = "<group>"; };
/* End PBXFileReference section */

/* Begin PBXFrameworksBuildPhase section */
		BB60D92921EEBF5B001BC046 /* Frameworks */ = {
			isa = PBXFrameworksBuildPhase;
			buildActionMask = 2147483647;
			files = (
			);
			runOnlyForDeploymentPostprocessing = 0;
		};
		BB60D94B21EEF2D8001BC046 /* Frameworks */ = {
			isa = PBXFrameworksBuildPhase;
			buildActionMask = 2147483647;
			files = (
				BB60D97C21EEF567001BC046 /* Memog.framework in Frameworks */,
			);
			runOnlyForDeploymentPostprocessing = 0;
		};
		BB60D95E21EEF2DB001BC046 /* Frameworks */ = {
			isa = PBXFrameworksBuildPhase;
			buildActionMask = 2147483647;
			files = (
			);
			runOnlyForDeploymentPostprocessing = 0;
		};
		BB60D96921EEF2DB001BC046 /* Frameworks */ = {
			isa = PBXFrameworksBuildPhase;
			buildActionMask = 2147483647;
			files = (
			);
			runOnlyForDeploymentPostprocessing = 0;
		};
/* End PBXFrameworksBuildPhase section */

/* Begin PBXGroup section */
		BB60D92221EEBF5A001BC046 = {
			isa = PBXGroup;
			children = (
				BB60D92E21EEBF5B001BC046 /* MemogFramework */,
				BB60D93921EEBF5B001BC046 /* MemogFrameworkTests */,
				BB60D94F21EEF2D8001BC046 /* Demo */,
				BB60D96421EEF2DB001BC046 /* DemoTests */,
				BB60D96F21EEF2DB001BC046 /* DemoUITests */,
				BB60D92D21EEBF5B001BC046 /* Products */,
			);
			sourceTree = "<group>";
		};
		BB60D92D21EEBF5B001BC046 /* Products */ = {
			isa = PBXGroup;
			children = (
				BB60D92C21EEBF5B001BC046 /* Memog.framework */,
				BB60D94E21EEF2D8001BC046 /* Demo.app */,
				BB60D96121EEF2DB001BC046 /* DemoTests.xctest */,
				BB60D96C21EEF2DB001BC046 /* DemoUITests.xctest */,
			);
			name = Products;
			sourceTree = "<group>";
		};
		BB60D92E21EEBF5B001BC046 /* MemogFramework */ = {
			isa = PBXGroup;
			children = (
				BB60D92F21EEBF5B001BC046 /* MemogFramework.h */,
				BB60D93021EEBF5B001BC046 /* Info.plist */,
				BB60D94821EEC62A001BC046 /* MemogLogger.swift */,
			);
			path = MemogFramework;
			sourceTree = "<group>";
		};
		BB60D93921EEBF5B001BC046 /* MemogFrameworkTests */ = {
			isa = PBXGroup;
			children = (
				BB60D93A21EEBF5B001BC046 /* MemogFrameworkTests.swift */,
				BB60D93C21EEBF5B001BC046 /* Info.plist */,
			);
			path = MemogFrameworkTests;
			sourceTree = "<group>";
		};
		BB60D94F21EEF2D8001BC046 /* Demo */ = {
			isa = PBXGroup;
			children = (
				BB60D95021EEF2D8001BC046 /* AppDelegate.swift */,
				BB60D95221EEF2D8001BC046 /* ViewController.swift */,
				BB60D95421EEF2D8001BC046 /* Main.storyboard */,
				BB60D95721EEF2DA001BC046 /* Assets.xcassets */,
				BB60D95921EEF2DA001BC046 /* LaunchScreen.storyboard */,
				BB60D95C21EEF2DA001BC046 /* Info.plist */,
			);
			path = Demo;
			sourceTree = "<group>";
		};
		BB60D96421EEF2DB001BC046 /* DemoTests */ = {
			isa = PBXGroup;
			children = (
				BB60D96521EEF2DB001BC046 /* DemoTests.swift */,
				BB60D96721EEF2DB001BC046 /* Info.plist */,
			);
			path = DemoTests;
			sourceTree = "<group>";
		};
		BB60D96F21EEF2DB001BC046 /* DemoUITests */ = {
			isa = PBXGroup;
			children = (
				BB60D97021EEF2DB001BC046 /* DemoUITests.swift */,
				BB60D97221EEF2DB001BC046 /* Info.plist */,
			);
			path = DemoUITests;
			sourceTree = "<group>";
		};
/* End PBXGroup section */

/* Begin PBXHeadersBuildPhase section */
		BB60D92721EEBF5B001BC046 /* Headers */ = {
			isa = PBXHeadersBuildPhase;
			buildActionMask = 2147483647;
			files = (
				BB60D93D21EEBF5B001BC046 /* MemogFramework.h in Headers */,
			);
			runOnlyForDeploymentPostprocessing = 0;
		};
/* End PBXHeadersBuildPhase section */

/* Begin PBXNativeTarget section */
		BB60D92B21EEBF5B001BC046 /* Memog */ = {
			isa = PBXNativeTarget;
			buildConfigurationList = BB60D94021EEBF5B001BC046 /* Build configuration list for PBXNativeTarget "Memog" */;
			buildPhases = (
				BB60D92721EEBF5B001BC046 /* Headers */,
				BB60D92821EEBF5B001BC046 /* Sources */,
				BB60D92921EEBF5B001BC046 /* Frameworks */,
				BB60D92A21EEBF5B001BC046 /* Resources */,
			);
			buildRules = (
			);
			dependencies = (
			);
			name = Memog;
			productName = MemogFramework;
			productReference = BB60D92C21EEBF5B001BC046 /* Memog.framework */;
			productType = "com.apple.product-type.framework";
		};
		BB60D94D21EEF2D8001BC046 /* Demo */ = {
			isa = PBXNativeTarget;
			buildConfigurationList = BB60D97321EEF2DB001BC046 /* Build configuration list for PBXNativeTarget "Demo" */;
			buildPhases = (
				BB60D94A21EEF2D8001BC046 /* Sources */,
				BB60D94B21EEF2D8001BC046 /* Frameworks */,
				BB60D94C21EEF2D8001BC046 /* Resources */,
				BB60D98021EEF567001BC046 /* Embed Frameworks */,
			);
			buildRules = (
			);
			dependencies = (
				BB60D97F21EEF567001BC046 /* PBXTargetDependency */,
			);
			name = Demo;
			productName = Demo;
			productReference = BB60D94E21EEF2D8001BC046 /* Demo.app */;
			productType = "com.apple.product-type.application";
		};
		BB60D96021EEF2DB001BC046 /* DemoTests */ = {
			isa = PBXNativeTarget;
			buildConfigurationList = BB60D97621EEF2DB001BC046 /* Build configuration list for PBXNativeTarget "DemoTests" */;
			buildPhases = (
				BB60D95D21EEF2DB001BC046 /* Sources */,
				BB60D95E21EEF2DB001BC046 /* Frameworks */,
				BB60D95F21EEF2DB001BC046 /* Resources */,
			);
			buildRules = (
			);
			dependencies = (
				BB60D96321EEF2DB001BC046 /* PBXTargetDependency */,
			);
			name = DemoTests;
			productName = DemoTests;
			productReference = BB60D96121EEF2DB001BC046 /* DemoTests.xctest */;
			productType = "com.apple.product-type.bundle.unit-test";
		};
		BB60D96B21EEF2DB001BC046 /* DemoUITests */ = {
			isa = PBXNativeTarget;
			buildConfigurationList = BB60D97921EEF2DB001BC046 /* Build configuration list for PBXNativeTarget "DemoUITests" */;
			buildPhases = (
				BB60D96821EEF2DB001BC046 /* Sources */,
				BB60D96921EEF2DB001BC046 /* Frameworks */,
				BB60D96A21EEF2DB001BC046 /* Resources */,
			);
			buildRules = (
			);
			dependencies = (
				BB60D96E21EEF2DB001BC046 /* PBXTargetDependency */,
			);
			name = DemoUITests;
			productName = DemoUITests;
			productReference = BB60D96C21EEF2DB001BC046 /* DemoUITests.xctest */;
			productType = "com.apple.product-type.bundle.ui-testing";
		};
/* End PBXNativeTarget section */

/* Begin PBXProject section */
		BB60D92321EEBF5A001BC046 /* Project object */ = {
			isa = PBXProject;
			attributes = {
				LastSwiftUpdateCheck = 1010;
				LastUpgradeCheck = 1010;
				ORGANIZATIONNAME = "Guillermo Garcia";
				TargetAttributes = {
					BB60D92B21EEBF5B001BC046 = {
						CreatedOnToolsVersion = 10.1;
						LastSwiftMigration = 1010;
					};
					BB60D94D21EEF2D8001BC046 = {
						CreatedOnToolsVersion = 10.1;
					};
					BB60D96021EEF2DB001BC046 = {
						CreatedOnToolsVersion = 10.1;
						TestTargetID = BB60D94D21EEF2D8001BC046;
					};
					BB60D96B21EEF2DB001BC046 = {
						CreatedOnToolsVersion = 10.1;
						TestTargetID = BB60D94D21EEF2D8001BC046;
					};
				};
			};
			buildConfigurationList = BB60D92621EEBF5A001BC046 /* Build configuration list for PBXProject "Memog" */;
			compatibilityVersion = "Xcode 9.3";
			developmentRegion = en;
			hasScannedForEncodings = 0;
			knownRegions = (
				en,
				Base,
			);
			mainGroup = BB60D92221EEBF5A001BC046;
			productRefGroup = BB60D92D21EEBF5B001BC046 /* Products */;
			projectDirPath = "";
			projectRoot = "";
			targets = (
				BB60D92B21EEBF5B001BC046 /* Memog */,
				BB60D94D21EEF2D8001BC046 /* Demo */,
				BB60D96021EEF2DB001BC046 /* DemoTests */,
				BB60D96B21EEF2DB001BC046 /* DemoUITests */,
			);
		};
/* End PBXProject section */

/* Begin PBXResourcesBuildPhase section */
		BB60D92A21EEBF5B001BC046 /* Resources */ = {
			isa = PBXResourcesBuildPhase;
			buildActionMask = 2147483647;
			files = (
			);
			runOnlyForDeploymentPostprocessing = 0;
		};
		BB60D94C21EEF2D8001BC046 /* Resources */ = {
			isa = PBXResourcesBuildPhase;
			buildActionMask = 2147483647;
			files = (
				BB60D95B21EEF2DA001BC046 /* LaunchScreen.storyboard in Resources */,
				BB60D95821EEF2DA001BC046 /* Assets.xcassets in Resources */,
				BB60D95621EEF2D8001BC046 /* Main.storyboard in Resources */,
			);
			runOnlyForDeploymentPostprocessing = 0;
		};
		BB60D95F21EEF2DB001BC046 /* Resources */ = {
			isa = PBXResourcesBuildPhase;
			buildActionMask = 2147483647;
			files = (
			);
			runOnlyForDeploymentPostprocessing = 0;
		};
		BB60D96A21EEF2DB001BC046 /* Resources */ = {
			isa = PBXResourcesBuildPhase;
			buildActionMask = 2147483647;
			files = (
			);
			runOnlyForDeploymentPostprocessing = 0;
		};
/* End PBXResourcesBuildPhase section */

/* Begin PBXSourcesBuildPhase section */
		BB60D92821EEBF5B001BC046 /* Sources */ = {
			isa = PBXSourcesBuildPhase;
			buildActionMask = 2147483647;
			files = (
				BB60D94921EEC62A001BC046 /* MemogLogger.swift in Sources */,
			);
			runOnlyForDeploymentPostprocessing = 0;
		};
		BB60D94A21EEF2D8001BC046 /* Sources */ = {
			isa = PBXSourcesBuildPhase;
			buildActionMask = 2147483647;
			files = (
				BB60D95321EEF2D8001BC046 /* ViewController.swift in Sources */,
				BB60D95121EEF2D8001BC046 /* AppDelegate.swift in Sources */,
			);
			runOnlyForDeploymentPostprocessing = 0;
		};
		BB60D95D21EEF2DB001BC046 /* Sources */ = {
			isa = PBXSourcesBuildPhase;
			buildActionMask = 2147483647;
			files = (
				BB60D96621EEF2DB001BC046 /* DemoTests.swift in Sources */,
			);
			runOnlyForDeploymentPostprocessing = 0;
		};
		BB60D96821EEF2DB001BC046 /* Sources */ = {
			isa = PBXSourcesBuildPhase;
			buildActionMask = 2147483647;
			files = (
				BB60D97121EEF2DB001BC046 /* DemoUITests.swift in Sources */,
			);
			runOnlyForDeploymentPostprocessing = 0;
		};
/* End PBXSourcesBuildPhase section */

/* Begin PBXTargetDependency section */
		BB60D96321EEF2DB001BC046 /* PBXTargetDependency */ = {
			isa = PBXTargetDependency;
			target = BB60D94D21EEF2D8001BC046 /* Demo */;
			targetProxy = BB60D96221EEF2DB001BC046 /* PBXContainerItemProxy */;
		};
		BB60D96E21EEF2DB001BC046 /* PBXTargetDependency */ = {
			isa = PBXTargetDependency;
			target = BB60D94D21EEF2D8001BC046 /* Demo */;
			targetProxy = BB60D96D21EEF2DB001BC046 /* PBXContainerItemProxy */;
		};
		BB60D97F21EEF567001BC046 /* PBXTargetDependency */ = {
			isa = PBXTargetDependency;
			target = BB60D92B21EEBF5B001BC046 /* Memog */;
			targetProxy = BB60D97E21EEF567001BC046 /* PBXContainerItemProxy */;
		};
/* End PBXTargetDependency section */

/* Begin PBXVariantGroup section */
		BB60D95421EEF2D8001BC046 /* Main.storyboard */ = {
			isa = PBXVariantGroup;
			children = (
				BB60D95521EEF2D8001BC046 /* Base */,
			);
			name = Main.storyboard;
			sourceTree = "<group>";
		};
		BB60D95921EEF2DA001BC046 /* LaunchScreen.storyboard */ = {
			isa = PBXVariantGroup;
			children = (
				BB60D95A21EEF2DA001BC046 /* Base */,
			);
			name = LaunchScreen.storyboard;
			sourceTree = "<group>";
		};
/* End PBXVariantGroup section */

/* Begin XCBuildConfiguration section */
		BB60D93E21EEBF5B001BC046 /* Debug */ = {
			isa = XCBuildConfiguration;
			buildSettings = {
				ALWAYS_SEARCH_USER_PATHS = NO;
				CLANG_ANALYZER_NONNULL = YES;
				CLANG_ANALYZER_NUMBER_OBJECT_CONVERSION = YES_AGGRESSIVE;
				CLANG_CXX_LANGUAGE_STANDARD = "gnu++14";
				CLANG_CXX_LIBRARY = "libc++";
				CLANG_ENABLE_MODULES = YES;
				CLANG_ENABLE_OBJC_ARC = YES;
				CLANG_ENABLE_OBJC_WEAK = YES;
				CLANG_WARN_BLOCK_CAPTURE_AUTORELEASING = YES;
				CLANG_WARN_BOOL_CONVERSION = YES;
				CLANG_WARN_COMMA = YES;
				CLANG_WARN_CONSTANT_CONVERSION = YES;
				CLANG_WARN_DEPRECATED_OBJC_IMPLEMENTATIONS = YES;
				CLANG_WARN_DIRECT_OBJC_ISA_USAGE = YES_ERROR;
				CLANG_WARN_DOCUMENTATION_COMMENTS = YES;
				CLANG_WARN_EMPTY_BODY = YES;
				CLANG_WARN_ENUM_CONVERSION = YES;
				CLANG_WARN_INFINITE_RECURSION = YES;
				CLANG_WARN_INT_CONVERSION = YES;
				CLANG_WARN_NON_LITERAL_NULL_CONVERSION = YES;
				CLANG_WARN_OBJC_IMPLICIT_RETAIN_SELF = YES;
				CLANG_WARN_OBJC_LITERAL_CONVERSION = YES;
				CLANG_WARN_OBJC_ROOT_CLASS = YES_ERROR;
				CLANG_WARN_RANGE_LOOP_ANALYSIS = YES;
				CLANG_WARN_STRICT_PROTOTYPES = YES;
				CLANG_WARN_SUSPICIOUS_MOVE = YES;
				CLANG_WARN_UNGUARDED_AVAILABILITY = YES_AGGRESSIVE;
				CLANG_WARN_UNREACHABLE_CODE = YES;
				CLANG_WARN__DUPLICATE_METHOD_MATCH = YES;
				CODE_SIGN_IDENTITY = "iPhone Developer";
				COPY_PHASE_STRIP = NO;
				CURRENT_PROJECT_VERSION = 1;
				DEBUG_INFORMATION_FORMAT = dwarf;
				ENABLE_STRICT_OBJC_MSGSEND = YES;
				ENABLE_TESTABILITY = YES;
				GCC_C_LANGUAGE_STANDARD = gnu11;
				GCC_DYNAMIC_NO_PIC = NO;
				GCC_NO_COMMON_BLOCKS = YES;
				GCC_OPTIMIZATION_LEVEL = 0;
				GCC_PREPROCESSOR_DEFINITIONS = (
					"DEBUG=1",
					"$(inherited)",
				);
				GCC_WARN_64_TO_32_BIT_CONVERSION = YES;
				GCC_WARN_ABOUT_RETURN_TYPE = YES_ERROR;
				GCC_WARN_UNDECLARED_SELECTOR = YES;
				GCC_WARN_UNINITIALIZED_AUTOS = YES_AGGRESSIVE;
				GCC_WARN_UNUSED_FUNCTION = YES;
				GCC_WARN_UNUSED_VARIABLE = YES;
				IPHONEOS_DEPLOYMENT_TARGET = 12.1;
				MTL_ENABLE_DEBUG_INFO = INCLUDE_SOURCE;
				MTL_FAST_MATH = YES;
				ONLY_ACTIVE_ARCH = YES;
				SDKROOT = iphoneos;
				SWIFT_ACTIVE_COMPILATION_CONDITIONS = DEBUG;
				SWIFT_OPTIMIZATION_LEVEL = "-Onone";
				VERSIONING_SYSTEM = "apple-generic";
				VERSION_INFO_PREFIX = "";
			};
			name = Debug;
		};
		BB60D93F21EEBF5B001BC046 /* Release */ = {
			isa = XCBuildConfiguration;
			buildSettings = {
				ALWAYS_SEARCH_USER_PATHS = NO;
				CLANG_ANALYZER_NONNULL = YES;
				CLANG_ANALYZER_NUMBER_OBJECT_CONVERSION = YES_AGGRESSIVE;
				CLANG_CXX_LANGUAGE_STANDARD = "gnu++14";
				CLANG_CXX_LIBRARY = "libc++";
				CLANG_ENABLE_MODULES = YES;
				CLANG_ENABLE_OBJC_ARC = YES;
				CLANG_ENABLE_OBJC_WEAK = YES;
				CLANG_WARN_BLOCK_CAPTURE_AUTORELEASING = YES;
				CLANG_WARN_BOOL_CONVERSION = YES;
				CLANG_WARN_COMMA = YES;
				CLANG_WARN_CONSTANT_CONVERSION = YES;
				CLANG_WARN_DEPRECATED_OBJC_IMPLEMENTATIONS = YES;
				CLANG_WARN_DIRECT_OBJC_ISA_USAGE = YES_ERROR;
				CLANG_WARN_DOCUMENTATION_COMMENTS = YES;
				CLANG_WARN_EMPTY_BODY = YES;
				CLANG_WARN_ENUM_CONVERSION = YES;
				CLANG_WARN_INFINITE_RECURSION = YES;
				CLANG_WARN_INT_CONVERSION = YES;
				CLANG_WARN_NON_LITERAL_NULL_CONVERSION = YES;
				CLANG_WARN_OBJC_IMPLICIT_RETAIN_SELF = YES;
				CLANG_WARN_OBJC_LITERAL_CONVERSION = YES;
				CLANG_WARN_OBJC_ROOT_CLASS = YES_ERROR;
				CLANG_WARN_RANGE_LOOP_ANALYSIS = YES;
				CLANG_WARN_STRICT_PROTOTYPES = YES;
				CLANG_WARN_SUSPICIOUS_MOVE = YES;
				CLANG_WARN_UNGUARDED_AVAILABILITY = YES_AGGRESSIVE;
				CLANG_WARN_UNREACHABLE_CODE = YES;
				CLANG_WARN__DUPLICATE_METHOD_MATCH = YES;
				CODE_SIGN_IDENTITY = "iPhone Developer";
				COPY_PHASE_STRIP = NO;
				CURRENT_PROJECT_VERSION = 1;
				DEBUG_INFORMATION_FORMAT = "dwarf-with-dsym";
				ENABLE_NS_ASSERTIONS = NO;
				ENABLE_STRICT_OBJC_MSGSEND = YES;
				GCC_C_LANGUAGE_STANDARD = gnu11;
				GCC_NO_COMMON_BLOCKS = YES;
				GCC_WARN_64_TO_32_BIT_CONVERSION = YES;
				GCC_WARN_ABOUT_RETURN_TYPE = YES_ERROR;
				GCC_WARN_UNDECLARED_SELECTOR = YES;
				GCC_WARN_UNINITIALIZED_AUTOS = YES_AGGRESSIVE;
				GCC_WARN_UNUSED_FUNCTION = YES;
				GCC_WARN_UNUSED_VARIABLE = YES;
				IPHONEOS_DEPLOYMENT_TARGET = 12.1;
				MTL_ENABLE_DEBUG_INFO = NO;
				MTL_FAST_MATH = YES;
				SDKROOT = iphoneos;
				SWIFT_COMPILATION_MODE = wholemodule;
				SWIFT_OPTIMIZATION_LEVEL = "-O";
				VALIDATE_PRODUCT = YES;
				VERSIONING_SYSTEM = "apple-generic";
				VERSION_INFO_PREFIX = "";
			};
			name = Release;
		};
		BB60D94121EEBF5B001BC046 /* Debug */ = {
			isa = XCBuildConfiguration;
			buildSettings = {
				CLANG_ENABLE_MODULES = YES;
				CODE_SIGN_IDENTITY = "";
				CODE_SIGN_STYLE = Automatic;
				DEFINES_MODULE = YES;
				DEVELOPMENT_TEAM = 9SL78H4EUY;
				DYLIB_COMPATIBILITY_VERSION = 1;
				DYLIB_CURRENT_VERSION = 1;
				DYLIB_INSTALL_NAME_BASE = "@rpath";
				INFOPLIST_FILE = MemogFramework/Info.plist;
				INSTALL_PATH = "$(LOCAL_LIBRARY_DIR)/Frameworks";
				LD_RUNPATH_SEARCH_PATHS = (
					"$(inherited)",
					"@executable_path/Frameworks",
					"@loader_path/Frameworks",
				);
				PRODUCT_BUNDLE_IDENTIFIER = Inmediatum.MemogFramework;
				PRODUCT_NAME = "$(TARGET_NAME:c99extidentifier)";
				SKIP_INSTALL = NO;
				SWIFT_OPTIMIZATION_LEVEL = "-Onone";
				SWIFT_VERSION = 4.2;
				TARGETED_DEVICE_FAMILY = "1,2";
			};
			name = Debug;
		};
		BB60D94221EEBF5B001BC046 /* Release */ = {
			isa = XCBuildConfiguration;
			buildSettings = {
				CLANG_ENABLE_MODULES = YES;
				CODE_SIGN_IDENTITY = "";
				CODE_SIGN_STYLE = Automatic;
				DEFINES_MODULE = YES;
				DEVELOPMENT_TEAM = 9SL78H4EUY;
				DYLIB_COMPATIBILITY_VERSION = 1;
				DYLIB_CURRENT_VERSION = 1;
				DYLIB_INSTALL_NAME_BASE = "@rpath";
				INFOPLIST_FILE = MemogFramework/Info.plist;
				INSTALL_PATH = "$(LOCAL_LIBRARY_DIR)/Frameworks";
				LD_RUNPATH_SEARCH_PATHS = (
					"$(inherited)",
					"@executable_path/Frameworks",
					"@loader_path/Frameworks",
				);
				PRODUCT_BUNDLE_IDENTIFIER = Inmediatum.MemogFramework;
				PRODUCT_NAME = "$(TARGET_NAME:c99extidentifier)";
				SKIP_INSTALL = NO;
				SWIFT_VERSION = 4.2;
				TARGETED_DEVICE_FAMILY = "1,2";
			};
			name = Release;
		};
		BB60D97421EEF2DB001BC046 /* Debug */ = {
			isa = XCBuildConfiguration;
			buildSettings = {
				ALWAYS_EMBED_SWIFT_STANDARD_LIBRARIES = YES;
				ASSETCATALOG_COMPILER_APPICON_NAME = AppIcon;
				CODE_SIGN_STYLE = Automatic;
				DEVELOPMENT_TEAM = 586NBQ3DTW;
				INFOPLIST_FILE = Demo/Info.plist;
				LD_RUNPATH_SEARCH_PATHS = (
					"$(inherited)",
					"@executable_path/Frameworks",
				);
				PRODUCT_BUNDLE_IDENTIFIER = Inmediatum.Demo;
				PRODUCT_NAME = "$(TARGET_NAME)";
				SWIFT_VERSION = 4.2;
				TARGETED_DEVICE_FAMILY = "1,2";
			};
			name = Debug;
		};
		BB60D97521EEF2DB001BC046 /* Release */ = {
			isa = XCBuildConfiguration;
			buildSettings = {
				ALWAYS_EMBED_SWIFT_STANDARD_LIBRARIES = YES;
				ASSETCATALOG_COMPILER_APPICON_NAME = AppIcon;
				CODE_SIGN_STYLE = Automatic;
				DEVELOPMENT_TEAM = 586NBQ3DTW;
				INFOPLIST_FILE = Demo/Info.plist;
				LD_RUNPATH_SEARCH_PATHS = (
					"$(inherited)",
					"@executable_path/Frameworks",
				);
				PRODUCT_BUNDLE_IDENTIFIER = Inmediatum.Demo;
				PRODUCT_NAME = "$(TARGET_NAME)";
				SWIFT_VERSION = 4.2;
				TARGETED_DEVICE_FAMILY = "1,2";
			};
			name = Release;
		};
		BB60D97721EEF2DB001BC046 /* Debug */ = {
			isa = XCBuildConfiguration;
			buildSettings = {
				ALWAYS_EMBED_SWIFT_STANDARD_LIBRARIES = YES;
				BUNDLE_LOADER = "$(TEST_HOST)";
				CODE_SIGN_STYLE = Automatic;
				DEVELOPMENT_TEAM = 9SL78H4EUY;
				INFOPLIST_FILE = DemoTests/Info.plist;
				LD_RUNPATH_SEARCH_PATHS = (
					"$(inherited)",
					"@executable_path/Frameworks",
					"@loader_path/Frameworks",
				);
				PRODUCT_BUNDLE_IDENTIFIER = Inmediatum.DemoTests;
				PRODUCT_NAME = "$(TARGET_NAME)";
				SWIFT_VERSION = 4.2;
				TARGETED_DEVICE_FAMILY = "1,2";
				TEST_HOST = "$(BUILT_PRODUCTS_DIR)/Demo.app/Demo";
			};
			name = Debug;
		};
		BB60D97821EEF2DB001BC046 /* Release */ = {
			isa = XCBuildConfiguration;
			buildSettings = {
				ALWAYS_EMBED_SWIFT_STANDARD_LIBRARIES = YES;
				BUNDLE_LOADER = "$(TEST_HOST)";
				CODE_SIGN_STYLE = Automatic;
				DEVELOPMENT_TEAM = 9SL78H4EUY;
				INFOPLIST_FILE = DemoTests/Info.plist;
				LD_RUNPATH_SEARCH_PATHS = (
					"$(inherited)",
					"@executable_path/Frameworks",
					"@loader_path/Frameworks",
				);
				PRODUCT_BUNDLE_IDENTIFIER = Inmediatum.DemoTests;
				PRODUCT_NAME = "$(TARGET_NAME)";
				SWIFT_VERSION = 4.2;
				TARGETED_DEVICE_FAMILY = "1,2";
				TEST_HOST = "$(BUILT_PRODUCTS_DIR)/Demo.app/Demo";
			};
			name = Release;
		};
		BB60D97A21EEF2DB001BC046 /* Debug */ = {
			isa = XCBuildConfiguration;
			buildSettings = {
				ALWAYS_EMBED_SWIFT_STANDARD_LIBRARIES = YES;
				CODE_SIGN_STYLE = Automatic;
				DEVELOPMENT_TEAM = 9SL78H4EUY;
				INFOPLIST_FILE = DemoUITests/Info.plist;
				LD_RUNPATH_SEARCH_PATHS = (
					"$(inherited)",
					"@executable_path/Frameworks",
					"@loader_path/Frameworks",
				);
				PRODUCT_BUNDLE_IDENTIFIER = Inmediatum.DemoUITests;
				PRODUCT_NAME = "$(TARGET_NAME)";
				SWIFT_VERSION = 4.2;
				TARGETED_DEVICE_FAMILY = "1,2";
				TEST_TARGET_NAME = Demo;
			};
			name = Debug;
		};
		BB60D97B21EEF2DB001BC046 /* Release */ = {
			isa = XCBuildConfiguration;
			buildSettings = {
				ALWAYS_EMBED_SWIFT_STANDARD_LIBRARIES = YES;
				CODE_SIGN_STYLE = Automatic;
				DEVELOPMENT_TEAM = 9SL78H4EUY;
				INFOPLIST_FILE = DemoUITests/Info.plist;
				LD_RUNPATH_SEARCH_PATHS = (
					"$(inherited)",
					"@executable_path/Frameworks",
					"@loader_path/Frameworks",
				);
				PRODUCT_BUNDLE_IDENTIFIER = Inmediatum.DemoUITests;
				PRODUCT_NAME = "$(TARGET_NAME)";
				SWIFT_VERSION = 4.2;
				TARGETED_DEVICE_FAMILY = "1,2";
				TEST_TARGET_NAME = Demo;
			};
			name = Release;
		};
/* End XCBuildConfiguration section */

/* Begin XCConfigurationList section */
		BB60D92621EEBF5A001BC046 /* Build configuration list for PBXProject "Memog" */ = {
			isa = XCConfigurationList;
			buildConfigurations = (
				BB60D93E21EEBF5B001BC046 /* Debug */,
				BB60D93F21EEBF5B001BC046 /* Release */,
			);
			defaultConfigurationIsVisible = 0;
			defaultConfigurationName = Release;
		};
		BB60D94021EEBF5B001BC046 /* Build configuration list for PBXNativeTarget "Memog" */ = {
			isa = XCConfigurationList;
			buildConfigurations = (
				BB60D94121EEBF5B001BC046 /* Debug */,
				BB60D94221EEBF5B001BC046 /* Release */,
			);
			defaultConfigurationIsVisible = 0;
			defaultConfigurationName = Release;
		};
		BB60D97321EEF2DB001BC046 /* Build configuration list for PBXNativeTarget "Demo" */ = {
			isa = XCConfigurationList;
			buildConfigurations = (
				BB60D97421EEF2DB001BC046 /* Debug */,
				BB60D97521EEF2DB001BC046 /* Release */,
			);
			defaultConfigurationIsVisible = 0;
			defaultConfigurationName = Release;
		};
		BB60D97621EEF2DB001BC046 /* Build configuration list for PBXNativeTarget "DemoTests" */ = {
			isa = XCConfigurationList;
			buildConfigurations = (
				BB60D97721EEF2DB001BC046 /* Debug */,
				BB60D97821EEF2DB001BC046 /* Release */,
			);
			defaultConfigurationIsVisible = 0;
			defaultConfigurationName = Release;
		};
		BB60D97921EEF2DB001BC046 /* Build configuration list for PBXNativeTarget "DemoUITests" */ = {
			isa = XCConfigurationList;
			buildConfigurations = (
				BB60D97A21EEF2DB001BC046 /* Debug */,
				BB60D97B21EEF2DB001BC046 /* Release */,
			);
			defaultConfigurationIsVisible = 0;
			defaultConfigurationName = Release;
		};
/* End XCConfigurationList section */
	};
	rootObject = BB60D92321EEBF5A001BC046 /* Project object */;
}
